
Microsoft Visual Studio Solution File, Format Version 12.00
# Visual Studio Version 16
VisualStudioVersion = 16.0.33328.57
MinimumVisualStudioVersion = 10.0.40219.1
Project("{FAE04EC0-301F-11D3-BF4B-00C04F79EFBC}") = "CrwTask", "CrwTask\CrwTask.csproj", "{392BC94C-4409-4B5A-A2D0-F5447736DE21}"
EndProject
Global
	GlobalSection(SolutionConfigurationPlatforms) = preSolution
		Debug|Any CPU = Debug|Any CPU
		Release|Any CPU = Release|Any CPU
	EndGlobalSection
	GlobalSection(ProjectConfigurationPlatforms) = postSolution
		{392BC94C-4409-4B5A-A2D0-F5447736DE21}.Debug|Any CPU.ActiveCfg = Debug|Any CPU
		{392BC94C-4409-4B5A-A2D0-F5447736DE21}.Debug|Any CPU.Build.0 = Debug|Any CPU
		{392BC94C-4409-4B5A-A2D0-F5447736DE21}.Release|Any CPU.ActiveCfg = Release|Any CPU
		{392BC94C-4409-4B5A-A2D0-F5447736DE21}.Release|Any CPU.Build.0 = Release|Any CPU
	EndGlobalSection
	GlobalSection(SolutionProperties) = preSolution
		HideSolutionNode = FALSE
	EndGlobalSection
	GlobalSection(ExtensibilityGlobals) = postSolution
		SolutionGuid = {F98156B6-77CA-4D29-AAB6-F3EAD69E6BED}
	EndGlobalSection
EndGlobal
